lockfileVersion: '9.0'

settings:
  autoInstallPeers: true
  excludeLinksFromLockfile: false

importers:

  .:
    dependencies:
      urbit-ob:
        specifier: ^5.0.1
        version: 5.0.1

packages:

  bn.js@4.12.0:
    resolution: {integrity: sha512-c98Bf3tPniI+scsdk237ku1Dc3ujXQTSgyiPUDEOe7tRkhrqridvh8klBv0HCEso1OLOYcHuCv/cS6DNxKH+ZA==}

  lodash.chunk@4.2.0:
    resolution: {integrity: sha512-ZzydJKfUHJwHa+hF5X66zLFCBrWn5GeF28OHEr4WVWtNDXlQ/IjWKPBiikqKo2ne0+v6JgCgJ0GzJp8k8bHC7w==}

  lodash.isequal@4.5.0:
    resolution: {integrity: sha512-pDo3lu8Jhfjqls6GkMgpahsF9kCyayhgykjyLMNFTKWrpVdAQtYyB4muAMWozBB4ig/dtWAmsMxLEI8wuz+DYQ==}

  urbit-ob@5.0.1:
    resolution: {integrity: sha512-qGNAwu87XNkW3g8ah4fUwmh2EKXtsdhEbyEiE5qX4Op17rhLH3HSkvu8g9z+MhqX51Uz9sf8ktvqJj/IRwETIQ==}

snapshots:

  bn.js@4.12.0: {}

  lodash.chunk@4.2.0: {}

  lodash.isequal@4.5.0: {}

  urbit-ob@5.0.1:
    dependencies:
      bn.js: 4.12.0
      lodash.chunk: 4.2.0
      lodash.isequal: 4.5.0
